
Microsoft Visual Studio Solution File, Format Version 12.00
# Visual Studio Version 17
VisualStudioVersion = 17.7.34031.279
MinimumVisualStudioVersion = 10.0.40219.1
Project("{FAE04EC0-301F-11D3-BF4B-00C04F79EFBC}") = "MauiDemo", "MauiDemo\MauiDemo.csproj", "{441EE8C7-C9C6-4939-A78C-999848E338C0}"
EndProject
Global
	GlobalSection(SolutionConfigurationPlatforms) = preSolution
		Debug|Any CPU = Debug|Any CPU
		Release|Any CPU = Release|Any CPU
	EndGlobalSection
	GlobalSection(ProjectConfigurationPlatforms) = postSolution
		{441EE8C7-C9C6-4939-A78C-999848E338C0}.Debug|Any CPU.ActiveCfg = Debug|Any CPU
		{441EE8C7-C9C6-4939-A78C-999848E338C0}.Debug|Any CPU.Build.0 = Debug|Any CPU
		{441EE8C7-C9C6-4939-A78C-999848E338C0}.Debug|Any CPU.Deploy.0 = Debug|Any CPU
		{441EE8C7-C9C6-4939-A78C-999848E338C0}.Release|Any CPU.ActiveCfg = Release|Any CPU
		{441EE8C7-C9C6-4939-A78C-999848E338C0}.Release|Any CPU.Build.0 = Release|Any CPU
		{441EE8C7-C9C6-4939-A78C-999848E338C0}.Release|Any CPU.Deploy.0 = Release|Any CPU
	EndGlobalSection
	GlobalSection(SolutionProperties) = preSolution
		HideSolutionNode = FALSE
	EndGlobalSection
	GlobalSection(ExtensibilityGlobals) = postSolution
		SolutionGuid = {BA1C14EF-20F6-4ED2-B927-EC65A9FCA60C}
	EndGlobalSection
EndGlobal
